
Microsoft Visual Studio Solution File, Format Version 12.00
# Visual Studio Version 17
VisualStudioVersion = 17.4.33213.308
MinimumVisualStudioVersion = 10.0.40219.1
Project("{FAE04EC0-301F-11D3-BF4B-00C04F79EFBC}") = "ProjectOOP_NataliaHerrera", "ProjectOOP_NataliaHerrera\ProjectOOP_NataliaHerrera.csproj", "{1090C3CA-55B7-410B-BD59-3609F7B44BF7}"
EndProject
Global
	GlobalSection(SolutionConfigurationPlatforms) = preSolution
		Debug|Any CPU = Debug|Any CPU
		Release|Any CPU = Release|Any CPU
	EndGlobalSection
	GlobalSection(ProjectConfigurationPlatforms) = postSolution
		{1090C3CA-55B7-410B-BD59-3609F7B44BF7}.Debug|Any CPU.ActiveCfg = Debug|Any CPU
		{1090C3CA-55B7-410B-BD59-3609F7B44BF7}.Debug|Any CPU.Build.0 = Debug|Any CPU
		{1090C3CA-55B7-410B-BD59-3609F7B44BF7}.Release|Any CPU.ActiveCfg = Release|Any CPU
		{1090C3CA-55B7-410B-BD59-3609F7B44BF7}.Release|Any CPU.Build.0 = Release|Any CPU
	EndGlobalSection
	GlobalSection(SolutionProperties) = preSolution
		HideSolutionNode = FALSE
	EndGlobalSection
	GlobalSection(ExtensibilityGlobals) = postSolution
		SolutionGuid = {3C2FDAD7-E158-4BFB-BF6D-56017468DD20}
	EndGlobalSection
EndGlobal
